// !$*UTF8*$!
{
	archiveVersion = 1;
	classes = {
	};
	objectVersion = 46;
	objects = {

/* Begin PBXBuildFile section */
		6F8478737F29CC20AA0FEBC9 /* Pods_xmppClientApp.framework in Frameworks */ = {isa = PBXBuildFile; fileRef = 71BC67C0DE5A37F8ADA26593 /* Pods_xmppClientApp.framework */; };
		A5F94ED31D842BF6000870BC /* AppDelegate.swift in Sources */ = {isa = PBXBuildFile; fileRef = A5F94ED21D842BF6000870BC /* AppDelegate.swift */; };
		A5F94ED51D842BF6000870BC /* ViewController.swift in Sources */ = {isa = PBXBuildFile; fileRef = A5F94ED41D842BF6000870BC /* ViewController.swift */; };
		A5F94ED81D842BF6000870BC /* Main.storyboard in Resources */ = {isa = PBXBuildFile; fileRef = A5F94ED61D842BF6000870BC /* Main.storyboard */; };
		A5F94EDA1D842BF6000870BC /* Assets.xcassets in Resources */ = {isa = PBXBuildFile; fileRef = A5F94ED91D842BF6000870BC /* Assets.xcassets */; };
		A5F94EDD1D842BF6000870BC /* LaunchScreen.storyboard in Resources */ = {isa = PBXBuildFile; fileRef = A5F94EDB1D842BF6000870BC /* LaunchScreen.storyboard */; };
/* End PBXBuildFile section */

/* Begin PBXFileReference section */
		71BC67C0DE5A37F8ADA26593 /* Pods_xmppClientApp.framework */ = {isa = PBXFileReference; explicitFileType = wrapper.framework; includeInIndex = 0; path = Pods_xmppClientApp.framework; sourceTree = BUILT_PRODUCTS_DIR; };
		92372F2BE4AC36A25F95EEB4 /* Pods-xmppClientApp.debug.xcconfig */ = {isa = PBXFileReference; includeInIndex = 1; lastKnownFileType = text.xcconfig; name = "Pods-xmppClientApp.debug.xcconfig"; path = "Pods/Target Support Files/Pods-xmppClientApp/Pods-xmppClientApp.debug.xcconfig"; sourceTree = "<group>"; };
		A5F94ECF1D842BF5000870BC /* xmppClientApp.app */ = {isa = PBXFileReference; explicitFileType = wrapper.application; includeInIndex = 0; path = xmppClientApp.app; sourceTree = BUILT_PRODUCTS_DIR; };
		A5F94ED21D842BF6000870BC /* AppDelegate.swift */ = {isa = PBXFileReference; lastKnownFileType = sourcecode.swift; path = AppDelegate.swift; sourceTree = "<group>"; };
		A5F94ED41D842BF6000870BC /* ViewController.swift */ = {isa = PBXFileReference; lastKnownFileType = sourcecode.swift; path = ViewController.swift; sourceTree = "<group>"; };
		A5F94ED71D842BF6000870BC /* Base */ = {isa = PBXFileReference; lastKnownFileType = file.storyboard; name = Base; path = Base.lproj/Main.storyboard; sourceTree = "<group>"; };
		A5F94ED91D842BF6000870BC /* Assets.xcassets */ = {isa = PBXFileReference; lastKnownFileType = folder.assetcatalog; path = Assets.xcassets; sourceTree = "<group>"; };
		A5F94EDC1D842BF6000870BC /* Base */ = {isa = PBXFileReference; lastKnownFileType = file.storyboard; name = Base; path = Base.lproj/LaunchScreen.storyboard; sourceTree = "<group>"; };
		A5F94EDE1D842BF6000870BC /* Info.plist */ = {isa = PBXFileReference; lastKnownFileType = text.plist.xml; path = Info.plist; sourceTree = "<group>"; };
		B79797BB91A755E2AB61E4E1 /* Pods-xmppClientApp.release.xcconfig */ = {isa = PBXFileReference; includeInIndex = 1; lastKnownFileType = text.xcconfig; name = "Pods-xmppClientApp.release.xcconfig"; path = "Pods/Target Support Files/Pods-xmppClientApp/Pods-xmppClientApp.release.xcconfig"; sourceTree = "<group>"; };
/* End PBXFileReference section */

/* Begin PBXFrameworksBuildPhase section */
		A5F94ECC1D842BF5000870BC /* Frameworks */ = {
			isa = PBXFrameworksBuildPhase;
			buildActionMask = 2147483647;
			files = (
				6F8478737F29CC20AA0FEBC9 /* Pods_xmppClientApp.framework in Frameworks */,
			);
			runOnlyForDeploymentPostprocessing = 0;
		};
/* End PBXFrameworksBuildPhase section */

/* Begin PBXGroup section */
		08AA3E627EDF0BDFB705FEAD /* Pods */ = {
			isa = PBXGroup;
			children = (
				92372F2BE4AC36A25F95EEB4 /* Pods-xmppClientApp.debug.xcconfig */,
				B79797BB91A755E2AB61E4E1 /* Pods-xmppClientApp.release.xcconfig */,
			);
			name = Pods;
			sourceTree = "<group>";
		};
		A5F94EC61D842BF5000870BC = {
			isa = PBXGroup;
			children = (
				A5F94ED11D842BF5000870BC /* xmppClientApp */,
				A5F94ED01D842BF5000870BC /* Products */,
				08AA3E627EDF0BDFB705FEAD /* Pods */,
				F42380DA9F3234AFD16B37A1 /* Frameworks */,
			);
			sourceTree = "<group>";
		};
		A5F94ED01D842BF5000870BC /* Products */ = {
			isa = PBXGroup;
			children = (
				A5F94ECF1D842BF5000870BC /* xmppClientApp.app */,
			);
			name = Products;
			sourceTree = "<group>";
		};
		A5F94ED11D842BF5000870BC /* xmppClientApp */ = {
			isa = PBXGroup;
			children = (
				A5F94ED21D842BF6000870BC /* AppDelegate.swift */,
				A5F94ED41D842BF6000870BC /* ViewController.swift */,
				A5F94ED61D842BF6000870BC /* Main.storyboard */,
				A5F94ED91D842BF6000870BC /* Assets.xcassets */,
				A5F94EDB1D842BF6000870BC /* LaunchScreen.storyboard */,
				A5F94EDE1D842BF6000870BC /* Info.plist */,
			);
			path = xmppClientApp;
			sourceTree = "<group>";
		};
		F42380DA9F3234AFD16B37A1 /* Frameworks */ = {
			isa = PBXGroup;
			children = (
				71BC67C0DE5A37F8ADA26593 /* Pods_xmppClientApp.framework */,
			);
			name = Frameworks;
			sourceTree = "<group>";
		};
/* End PBXGroup section */

/* Begin PBXNativeTarget section */
		A5F94ECE1D842BF5000870BC /* xmppClientApp */ = {
			isa = PBXNativeTarget;
			buildConfigurationList = A5F94EE11D842BF6000870BC /* Build configuration list for PBXNativeTarget "xmppClientApp" */;
			buildPhases = (
				EDCD4F4D94D881D1064CE853 /* [CP] Check Pods Manifest.lock */,
				A5F94ECB1D842BF5000870BC /* Sources */,
				A5F94ECC1D842BF5000870BC /* Frameworks */,
				A5F94ECD1D842BF5000870BC /* Resources */,
				320C3E396BCF025F497C2C25 /* [CP] Embed Pods Frameworks */,
				4FDF96806A7503403D1D05CD /* [CP] Copy Pods Resources */,
			);
			buildRules = (
			);
			dependencies = (
			);
			name = xmppClientApp;
			productName = xmppClientApp;
			productReference = A5F94ECF1D842BF5000870BC /* xmppClientApp.app */;
			productType = "com.apple.product-type.application";
		};
/* End PBXNativeTarget section */

/* Begin PBXProject section */
		A5F94EC71D842BF5000870BC /* Project object */ = {
			isa = PBXProject;
			attributes = {
				LastSwiftUpdateCheck = 0730;
				LastUpgradeCheck = 0730;
				ORGANIZATIONNAME = "Buzy Beez";
				TargetAttributes = {
					A5F94ECE1D842BF5000870BC = {
						CreatedOnToolsVersion = 7.3;
						DevelopmentTeam = UZV93278Z5;
					};
				};
			};
			buildConfigurationList = A5F94ECA1D842BF5000870BC /* Build configuration list for PBXProject "xmppClientApp" */;
			compatibilityVersion = "Xcode 3.2";
			developmentRegion = English;
			hasScannedForEncodings = 0;
			knownRegions = (
				en,
				Base,
			);
			mainGroup = A5F94EC61D842BF5000870BC;
			productRefGroup = A5F94ED01D842BF5000870BC /* Products */;
			projectDirPath = "";
			projectRoot = "";
			targets = (
				A5F94ECE1D842BF5000870BC /* xmppClientApp */,
			);
		};
/* End PBXProject section */

/* Begin PBXResourcesBuildPhase section */
		A5F94ECD1D842BF5000870BC /* Resources */ = {
			isa = PBXResourcesBuildPhase;
			buildActionMask = 2147483647;
			files = (
				A5F94EDD1D842BF6000870BC /* LaunchScreen.storyboard in Resources */,
				A5F94EDA1D842BF6000870BC /* Assets.xcassets in Resources */,
				A5F94ED81D842BF6000870BC /* Main.storyboard in Resources */,
			);
			runOnlyForDeploymentPostprocessing = 0;
		};
/* End PBXResourcesBuildPhase section */

/* Begin PBXShellScriptBuildPhase section */
		320C3E396BCF025F497C2C25 /* [CP] Embed Pods Frameworks */ = {
			isa = PBXShellScriptBuildPhase;
			buildActionMask = 2147483647;
			files = (
			);
			inputPaths = (
			);
			name = "[CP] Embed Pods Frameworks";
			outputPaths = (
			);
			runOnlyForDeploymentPostprocessing = 0;
			shellPath = /bin/sh;
			shellScript = "\"${SRCROOT}/Pods/Target Support Files/Pods-xmppClientApp/Pods-xmppClientApp-frameworks.sh\"\n";
			showEnvVarsInLog = 0;
		};
		4FDF96806A7503403D1D05CD /* [CP] Copy Pods Resources */ = {
			isa = PBXShellScriptBuildPhase;
			buildActionMask = 2147483647;
			files = (
			);
			inputPaths = (
			);
			name = "[CP] Copy Pods Resources";
			outputPaths = (
			);
			runOnlyForDeploymentPostprocessing = 0;
			shellPath = /bin/sh;
			shellScript = "\"${SRCROOT}/Pods/Target Support Files/Pods-xmppClientApp/Pods-xmppClientApp-resources.sh\"\n";
			showEnvVarsInLog = 0;
		};
		EDCD4F4D94D881D1064CE853 /* [CP] Check Pods Manifest.lock */ = {
			isa = PBXShellScriptBuildPhase;
			buildActionMask = 2147483647;
			files = (
			);
			inputPaths = (
			);
			name = "[CP] Check Pods Manifest.lock";
			outputPaths = (
			);
			runOnlyForDeploymentPostprocessing = 0;
			shellPath = /bin/sh;
			shellScript = "diff \"${PODS_ROOT}/../Podfile.lock\" \"${PODS_ROOT}/Manifest.lock\" > /dev/null\nif [[ $? != 0 ]] ; then\n    cat << EOM\nerror: The sandbox is not in sync with the Podfile.lock. Run 'pod install' or update your CocoaPods installation.\nEOM\n    exit 1\nfi\n";
			showEnvVarsInLog = 0;
		};
/* End PBXShellScriptBuildPhase section */

/* Begin PBXSourcesBuildPhase section */
		A5F94ECB1D842BF5000870BC /* Sources */ = {
			isa = PBXSourcesBuildPhase;
			buildActionMask = 2147483647;
			files = (
				A5F94ED51D842BF6000870BC /* ViewController.swift in Sources */,
				A5F94ED31D842BF6000870BC /* AppDelegate.swift in Sources */,
			);
			runOnlyForDeploymentPostprocessing = 0;
		};
/* End PBXSourcesBuildPhase section */

/* Begin PBXVariantGroup section */
		A5F94ED61D842BF6000870BC /* Main.storyboard */ = {
			isa = PBXVariantGroup;
			children = (
				A5F94ED71D842BF6000870BC /* Base */,
			);
			name = Main.storyboard;
			sourceTree = "<group>";
		};
		A5F94EDB1D842BF6000870BC /* LaunchScreen.storyboard */ = {
			isa = PBXVariantGroup;
			children = (
				A5F94EDC1D842BF6000870BC /* Base */,
			);
			name = LaunchScreen.storyboard;
			sourceTree = "<group>";
		};
/* End PBXVariantGroup section */

/* Begin XCBuildConfiguration section */
		A5F94EDF1D842BF6000870BC /* Debug */ = {
			isa = XCBuildConfiguration;
			buildSettings = {
				ALWAYS_SEARCH_USER_PATHS = NO;
				CLANG_ANALYZER_NONNULL = YES;
				CLANG_CXX_LANGUAGE_STANDARD = "gnu++0x";
				CLANG_CXX_LIBRARY = "libc++";
				CLANG_ENABLE_MODULES = YES;
				CLANG_ENABLE_OBJC_ARC = YES;
				CLANG_WARN_BOOL_CONVERSION = YES;
				CLANG_WARN_CONSTANT_CONVERSION = YES;
				CLANG_WARN_DIRECT_OBJC_ISA_USAGE = YES_ERROR;
				CLANG_WARN_EMPTY_BODY = YES;
				CLANG_WARN_ENUM_CONVERSION = YES;
				CLANG_WARN_INT_CONVERSION = YES;
				CLANG_WARN_OBJC_ROOT_CLASS = YES_ERROR;
				CLANG_WARN_UNREACHABLE_CODE = YES;
				CLANG_WARN__DUPLICATE_METHOD_MATCH = YES;
				"CODE_SIGN_IDENTITY[sdk=iphoneos*]" = "iPhone Developer";
				COPY_PHASE_STRIP = NO;
				DEBUG_INFORMATION_FORMAT = dwarf;
				ENABLE_STRICT_OBJC_MSGSEND = YES;
				ENABLE_TESTABILITY = YES;
				GCC_C_LANGUAGE_STANDARD = gnu99;
				GCC_DYNAMIC_NO_PIC = NO;
				GCC_NO_COMMON_BLOCKS = YES;
				GCC_OPTIMIZATION_LEVEL = 0;
				GCC_PREPROCESSOR_DEFINITIONS = (
					"DEBUG=1",
					"$(inherited)",
				);
				GCC_WARN_64_TO_32_BIT_CONVERSION = YES;
				GCC_WARN_ABOUT_RETURN_TYPE = YES_ERROR;
				GCC_WARN_UNDECLARED_SELECTOR = YES;
				GCC_WARN_UNINITIALIZED_AUTOS = YES_AGGRESSIVE;
				GCC_WARN_UNUSED_FUNCTION = YES;
				GCC_WARN_UNUSED_VARIABLE = YES;
				IPHONEOS_DEPLOYMENT_TARGET = 8.0;
				MTL_ENABLE_DEBUG_INFO = YES;
				ONLY_ACTIVE_ARCH = YES;
				SDKROOT = iphoneos;
				SWIFT_OPTIMIZATION_LEVEL = "-Onone";
			};
			name = Debug;
		};
		A5F94EE01D842BF6000870BC /* Release */ = {
			isa = XCBuildConfiguration;
			buildSettings = {
				ALWAYS_SEARCH_USER_PATHS = NO;
				CLANG_ANALYZER_NONNULL = YES;
				CLANG_CXX_LANGUAGE_STANDARD = "gnu++0x";
				CLANG_CXX_LIBRARY = "libc++";
				CLANG_ENABLE_MODULES = YES;
				CLANG_ENABLE_OBJC_ARC = YES;
				CLANG_WARN_BOOL_CONVERSION = YES;
				CLANG_WARN_CONSTANT_CONVERSION = YES;
				CLANG_WARN_DIRECT_OBJC_ISA_USAGE = YES_ERROR;
				CLANG_WARN_EMPTY_BODY = YES;
				CLANG_WARN_ENUM_CONVERSION = YES;
				CLANG_WARN_INT_CONVERSION = YES;
				CLANG_WARN_OBJC_ROOT_CLASS = YES_ERROR;
				CLANG_WARN_UNREACHABLE_CODE = YES;
				CLANG_WARN__DUPLICATE_METHOD_MATCH = YES;
				"CODE_SIGN_IDENTITY[sdk=iphoneos*]" = "iPhone Developer";
				COPY_PHASE_STRIP = NO;
				DEBUG_INFORMATION_FORMAT = "dwarf-with-dsym";
				ENABLE_NS_ASSERTIONS = NO;
				ENABLE_STRICT_OBJC_MSGSEND = YES;
				GCC_C_LANGUAGE_STANDARD = gnu99;
				GCC_NO_COMMON_BLOCKS = YES;
				GCC_WARN_64_TO_32_BIT_CONVERSION = YES;
				GCC_WARN_ABOUT_RETURN_TYPE = YES_ERROR;
				GCC_WARN_UNDECLARED_SELECTOR = YES;
				GCC_WARN_UNINITIALIZED_AUTOS = YES_AGGRESSIVE;
				GCC_WARN_UNUSED_FUNCTION = YES;
				GCC_WARN_UNUSED_VARIABLE = YES;
				IPHONEOS_DEPLOYMENT_TARGET = 8.0;
				MTL_ENABLE_DEBUG_INFO = NO;
				SDKROOT = iphoneos;
				VALIDATE_PRODUCT = YES;
			};
			name = Release;
		};
		A5F94EE21D842BF6000870BC /* Debug */ = {
			isa = XCBuildConfiguration;
			baseConfigurationReference = 92372F2BE4AC36A25F95EEB4 /* Pods-xmppClientApp.debug.xcconfig */;
			buildSettings = {
				ASSETCATALOG_COMPILER_APPICON_NAME = AppIcon;
				CODE_SIGN_IDENTITY = "iPhone Developer";
				"CODE_SIGN_IDENTITY[sdk=iphoneos*]" = "iPhone Developer";
				INFOPLIST_FILE = xmppClientApp/Info.plist;
				LD_RUNPATH_SEARCH_PATHS = "$(inherited) @executable_path/Frameworks";
				PRODUCT_BUNDLE_IDENTIFIER = com.BuzyBeezLtd.xmppClientApp;
				PRODUCT_NAME = "$(TARGET_NAME)";
				PROVISIONING_PROFILE = "";
			};
			name = Debug;
		};
		A5F94EE31D842BF6000870BC /* Release */ = {
			isa = XCBuildConfiguration;
			baseConfigurationReference = B79797BB91A755E2AB61E4E1 /* Pods-xmppClientApp.release.xcconfig */;
			buildSettings = {
				ASSETCATALOG_COMPILER_APPICON_NAME = AppIcon;
				CODE_SIGN_IDENTITY = "iPhone Developer";
				"CODE_SIGN_IDENTITY[sdk=iphoneos*]" = "iPhone Developer";
				INFOPLIST_FILE = xmppClientApp/Info.plist;
				LD_RUNPATH_SEARCH_PATHS = "$(inherited) @executable_path/Frameworks";
				PRODUCT_BUNDLE_IDENTIFIER = com.BuzyBeezLtd.xmppClientApp;
				PRODUCT_NAME = "$(TARGET_NAME)";
				PROVISIONING_PROFILE = "";
			};
			name = Release;
		};
/* End XCBuildConfiguration section */

/* Begin XCConfigurationList section */
		A5F94ECA1D842BF5000870BC /* Build configuration list for PBXProject "xmppClientApp" */ = {
			isa = XCConfigurationList;
			buildConfigurations = (
				A5F94EDF1D842BF6000870BC /* Debug */,
				A5F94EE01D842BF6000870BC /* Release */,
			);
			defaultConfigurationIsVisible = 0;
			defaultConfigurationName = Release;
		};
		A5F94EE11D842BF6000870BC /* Build configuration list for PBXNativeTarget "xmppClientApp" */ = {
			isa = XCConfigurationList;
			buildConfigurations = (
				A5F94EE21D842BF6000870BC /* Debug */,
				A5F94EE31D842BF6000870BC /* Release */,
			);
			defaultConfigurationIsVisible = 0;
			defaultConfigurationName = Release;
		};
/* End XCConfigurationList section */
	};
	rootObject = A5F94EC71D842BF5000870BC /* Project object */;
}
